<?xml version="1.0" encoding="UTF-8"?>
<Scheme
   LastUpgradeVersion = "2600"
   version = "1.7">
   <BuildAction
      parallelizeBuildables = "YES"
      buildImplicitDependencies = "YES"
      buildArchitectures = "Automatic">
      <BuildActionEntries>
         <BuildActionEntry
            buildForTesting = "YES"
            buildForRunning = "YES"
            buildForProfiling = "YES"
            buildForArchiving = "YES"
            buildForAnalyzing = "YES">
            <BuildableReference
               BuildableIdentifier = "primary"
               BlueprintIdentifier = "9203A38B2135C20C00BFAF82"
               BuildableName = "Example.app"
               BlueprintName = "Example"
               ReferencedContainer = "container:ReportPortalAgent.xcodeproj">
            </BuildableReference>
         </BuildActionEntry>
      </BuildActionEntries>
   </BuildAction>
   <TestAction
      buildConfiguration = "Debug"
      selectedDebuggerIdentifier = "Xcode.DebuggerFoundation.Debugger.LLDB"
      selectedLauncherIdentifier = "Xcode.DebuggerFoundation.Launcher.LLDB"
      shouldUseLaunchSchemeArgsEnv = "YES">
      <PreActions>
         <ExecutionAction
            ActionType = "Xcode.IDEStandardExecutionActionsCore.ExecutionActionType.ShellScriptAction">
            <ActionContent
               title = "Run Script"
               scriptText = "#!/bin/zsh&#10;&#10;echo &quot;&#x1f680; [ReportPortal] Pre-Action: Setting environment variables&quot;&#10;&#10;LAUNCH_UUID=$(uuidgen)&#10;launchctl setenv RP_LAUNCH_UUID &quot;$LAUNCH_UUID&quot;&#10;launchctl setenv RP_LAUNCH_ID &quot;$LAUNCH_UUID&quot;&#10;&#10;echo &quot;   RP_LAUNCH_UUID=$LAUNCH_UUID&quot;&#10;echo &quot;&#x2705; [ReportPortal] Environment ready&quot;&#10;">
               <EnvironmentBuildable>
                  <BuildableReference
                     BuildableIdentifier = "primary"
                     BlueprintIdentifier = "9203A3A92135C20E00BFAF82"
                     BuildableName = "ExampleUITests.xctest"
                     BlueprintName = "ExampleUITests"
                     ReferencedContainer = "container:ReportPortalAgent.xcodeproj">
                  </BuildableReference>
               </EnvironmentBuildable>
            </ActionContent>
         </ExecutionAction>
      </PreActions>
      <TestPlans>
         <TestPlanReference
            reference = "container:Example/Example.xctestplan"
            default = "YES">
         </TestPlanReference>
      </TestPlans>
      <Testables>
         <TestableReference
            skipped = "NO">
            <BuildableReference
               BuildableIdentifier = "primary"
               BlueprintIdentifier = "9203A39E2135C20E00BFAF82"
               BuildableName = "ExampleUnitTests.xctest"
               BlueprintName = "ExampleUnitTests"
               ReferencedContainer = "container:ReportPortalAgent.xcodeproj">
            </BuildableReference>
         </TestableReference>
      </Testables>
   </TestAction>
   <LaunchAction
      buildConfiguration = "Debug"
      selectedDebuggerIdentifier = "Xcode.DebuggerFoundation.Debugger.LLDB"
      selectedLauncherIdentifier = "Xcode.DebuggerFoundation.Launcher.LLDB"
      launchStyle = "0"
      useCustomWorkingDirectory = "NO"
      ignoresPersistentStateOnLaunch = "NO"
      debugDocumentVersioning = "YES"
      debugServiceExtension = "internal"
      allowLocationSimulation = "YES">
      <BuildableProductRunnable
         runnableDebuggingMode = "0">
         <BuildableReference
            BuildableIdentifier = "primary"
            BlueprintIdentifier = "9203A38B2135C20C00BFAF82"
            BuildableName = "Example.app"
            BlueprintName = "Example"
            ReferencedContainer = "container:ReportPortalAgent.xcodeproj">
         </BuildableReference>
      </BuildableProductRunnable>
   </LaunchAction>
   <ProfileAction
      buildConfiguration = "Release"
      shouldUseLaunchSchemeArgsEnv = "YES"
      savedToolIdentifier = ""
      useCustomWorkingDirectory = "NO"
      debugDocumentVersioning = "YES">
      <BuildableProductRunnable
         runnableDebuggingMode = "0">
         <BuildableReference
            BuildableIdentifier = "primary"
            BlueprintIdentifier = "9203A38B2135C20C00BFAF82"
            BuildableName = "Example.app"
            BlueprintName = "Example"
            ReferencedContainer = "container:ReportPortalAgent.xcodeproj">
         </BuildableReference>
      </BuildableProductRunnable>
   </ProfileAction>
   <AnalyzeAction
      buildConfiguration = "Debug">
   </AnalyzeAction>
   <ArchiveAction
      buildConfiguration = "Release"
      revealArchiveInOrganizer = "YES">
   </ArchiveAction>
</Scheme>
