{
  "originHash" : "5fdfe48001ec9270f523296bb07696c525da68412b4311316766541057fcdc34",
  "pins" : [
    {
      "identity" : "sentry-cocoa",
      "kind" : "remoteSourceControl",
      "location" : "https://github.com/getsentry/sentry-cocoa/",
      "state" : {
        "revision" : "e1e94efb9d5a688af85c607ae34a8b56961ca118",
        "version" : "8.57.1"
      }
    }
  ],
  "version" : 3
}
